PODS:
  - checkout_flow (0.0.1):
    - Flutter
  - Flutter (1.0.0)
  - integration_test (0.0.1):
    - Flutter

DEPENDENCIES:
  - checkout_flow (from `.symlinks/plugins/checkout_flow/ios`)
  - Flutter (from `Flutter`)
  - integration_test (from `.symlinks/plugins/integration_test/ios`)

EXTERNAL SOURCES:
  checkout_flow:
    :path: ".symlinks/plugins/checkout_flow/ios"
  Flutter:
    :path: Flutter
  integration_test:
    :path: ".symlinks/plugins/integration_test/ios"

SPEC CHECKSUMS:
  checkout_flow: 637d5abc723bf2f64a1a319bee7469e3c28f6d88
  Flutter: cabc95a1d2626b1b06e7179b784ebcf0c0cde467
  integration_test: 4a889634ef21a45d28d50d622cf412dc6d9f586e

PODFILE CHECKSUM: 8b0fdd5c346372a730bcfb56087a7166f6b995c0

COCOAPODS: 1.16.2
